
Microsoft Visual Studio Solution File, Format Version 12.00
# Visual Studio Version 17
VisualStudioVersion = 17.1.32210.238
MinimumVisualStudioVersion = 10.0.40219.1
Project("{FAE04EC0-301F-11D3-BF4B-00C04F79EFBC}") = "WebApplication2", "WebApplication2\WebApplication2.csproj", "{8A38940F-FF90-4349-A16C-3F4C24BCCDE5}"
EndProject
Global
	GlobalSection(SolutionConfigurationPlatforms) = preSolution
		Debug|Any CPU = Debug|Any CPU
		Release|Any CPU = Release|Any CPU
	EndGlobalSection
	GlobalSection(ProjectConfigurationPlatforms) = postSolution
		{8A38940F-FF90-4349-A16C-3F4C24BCCDE5}.Debug|Any CPU.ActiveCfg = Debug|Any CPU
		{8A38940F-FF90-4349-A16C-3F4C24BCCDE5}.Debug|Any CPU.Build.0 = Debug|Any CPU
		{8A38940F-FF90-4349-A16C-3F4C24BCCDE5}.Release|Any CPU.ActiveCfg = Release|Any CPU
		{8A38940F-FF90-4349-A16C-3F4C24BCCDE5}.Release|Any CPU.Build.0 = Release|Any CPU
	EndGlobalSection
	GlobalSection(SolutionProperties) = preSolution
		HideSolutionNode = FALSE
	EndGlobalSection
	GlobalSection(ExtensibilityGlobals) = postSolution
		SolutionGuid = {252AD336-2608-4C02-8B7C-FC5BC4756677}
	EndGlobalSection
EndGlobal
